// !$*UTF8*$!
{
	archiveVersion = 1;
	classes = {
	};
	objectVersion = 46;
	objects = {

/* Begin PBXBuildFile section */
		9D8EF8B519D9FFB300ECC1C8 /* Foundation.framework in Frameworks */ = {isa = PBXBuildFile; fileRef = 9D8EF8B419D9FFB300ECC1C8 /* Foundation.framework */; };
		9D8EF8B719D9FFB300ECC1C8 /* CoreGraphics.framework in Frameworks */ = {isa = PBXBuildFile; fileRef = 9D8EF8B619D9FFB300ECC1C8 /* CoreGraphics.framework */; };
		9D8EF8B919D9FFB300ECC1C8 /* UIKit.framework in Frameworks */ = {isa = PBXBuildFile; fileRef = 9D8EF8B819D9FFB300ECC1C8 /* UIKit.framework */; };
		9D8EF8BF19D9FFB300ECC1C8 /* InfoPlist.strings in Resources */ = {isa = PBXBuildFile; fileRef = 9D8EF8BD19D9FFB300ECC1C8 /* InfoPlist.strings */; };
		9D8EF8C119D9FFB300ECC1C8 /* main.m in Sources */ = {isa = PBXBuildFile; fileRef = 9D8EF8C019D9FFB300ECC1C8 /* main.m */; };
		9D8EF8C519D9FFB300ECC1C8 /* AppDelegate.m in Sources */ = {isa = PBXBuildFile; fileRef = 9D8EF8C419D9FFB300ECC1C8 /* AppDelegate.m */; };
		9D8EF8C819D9FFB300ECC1C8 /* Main_iPhone.storyboard in Resources */ = {isa = PBXBuildFile; fileRef = 9D8EF8C619D9FFB300ECC1C8 /* Main_iPhone.storyboard */; };
		9D8EF8CB19D9FFB300ECC1C8 /* Main_iPad.storyboard in Resources */ = {isa = PBXBuildFile; fileRef = 9D8EF8C919D9FFB300ECC1C8 /* Main_iPad.storyboard */; };
		9D8EF8D019D9FFB300ECC1C8 /* Images.xcassets in Resources */ = {isa = PBXBuildFile; fileRef = 9D8EF8CF19D9FFB300ECC1C8 /* Images.xcassets */; };
		9D8EF8D719D9FFB300ECC1C8 /* XCTest.framework in Frameworks */ = {isa = PBXBuildFile; fileRef = 9D8EF8D619D9FFB300ECC1C8 /* XCTest.framework */; };
		9D8EF8D819D9FFB300ECC1C8 /* Foundation.framework in Frameworks */ = {isa = PBXBuildFile; fileRef = 9D8EF8B419D9FFB300ECC1C8 /* Foundation.framework */; };
		9D8EF8D919D9FFB300ECC1C8 /* UIKit.framework in Frameworks */ = {isa = PBXBuildFile; fileRef = 9D8EF8B819D9FFB300ECC1C8 /* UIKit.framework */; };
		9D8EF8E119D9FFB300ECC1C8 /* InfoPlist.strings in Resources */ = {isa = PBXBuildFile; fileRef = 9D8EF8DF19D9FFB300ECC1C8 /* InfoPlist.strings */; };
		9D8EF8E319D9FFB300ECC1C8 /* NavigationViewControllerDemoTests.m in Sources */ = {isa = PBXBuildFile; fileRef = 9D8EF8E219D9FFB300ECC1C8 /* NavigationViewControllerDemoTests.m */; };
		9D8EF8EE19DA00E800ECC1C8 /* RedViewController.m in Sources */ = {isa = PBXBuildFile; fileRef = 9D8EF8ED19DA00E800ECC1C8 /* RedViewController.m */; };
		9D8EF8F119DA014900ECC1C8 /* BlueViewController.m in Sources */ = {isa = PBXBuildFile; fileRef = 9D8EF8F019DA014900ECC1C8 /* BlueViewController.m */; };
/* End PBXBuildFile section */

/* Begin PBXContainerItemProxy section */
		9D8EF8DA19D9FFB300ECC1C8 /* PBXContainerItemProxy */ = {
			isa = PBXContainerItemProxy;
			containerPortal = 9D8EF8A919D9FFB300ECC1C8 /* Project object */;
			proxyType = 1;
			remoteGlobalIDString = 9D8EF8B019D9FFB300ECC1C8;
			remoteInfo = NavigationViewControllerDemo;
		};
/* End PBXContainerItemProxy section */

/* Begin PBXFileReference section */
		9D8EF8B119D9FFB300ECC1C8 /* NavigationViewControllerDemo.app */ = {isa = PBXFileReference; explicitFileType = wrapper.application; includeInIndex = 0; path = NavigationViewControllerDemo.app; sourceTree = BUILT_PRODUCTS_DIR; };
		9D8EF8B419D9FFB300ECC1C8 /* Foundation.framework */ = {isa = PBXFileReference; lastKnownFileType = wrapper.framework; name = Foundation.framework; path = System/Library/Frameworks/Foundation.framework; sourceTree = SDKROOT; };
		9D8EF8B619D9FFB300ECC1C8 /* CoreGraphics.framework */ = {isa = PBXFileReference; lastKnownFileType = wrapper.framework; name = CoreGraphics.framework; path = System/Library/Frameworks/CoreGraphics.framework; sourceTree = SDKROOT; };
		9D8EF8B819D9FFB300ECC1C8 /* UIKit.framework */ = {isa = PBXFileReference; lastKnownFileType = wrapper.framework; name = UIKit.framework; path = System/Library/Frameworks/UIKit.framework; sourceTree = SDKROOT; };
		9D8EF8BC19D9FFB300ECC1C8 /* NavigationViewControllerDemo-Info.plist */ = {isa = PBXFileReference; lastKnownFileType = text.plist.xml; path = "NavigationViewControllerDemo-Info.plist"; sourceTree = "<group>"; };
		9D8EF8BE19D9FFB300ECC1C8 /* en */ = {isa = PBXFileReference; lastKnownFileType = text.plist.strings; name = en; path = en.lproj/InfoPlist.strings; sourceTree = "<group>"; };
		9D8EF8C019D9FFB300ECC1C8 /* main.m */ = {isa = PBXFileReference; lastKnownFileType = sourcecode.c.objc; path = main.m; sourceTree = "<group>"; };
		9D8EF8C219D9FFB300ECC1C8 /* NavigationViewControllerDemo-Prefix.pch */ = {isa = PBXFileReference; lastKnownFileType = sourcecode.c.h; path = "NavigationViewControllerDemo-Prefix.pch"; sourceTree = "<group>"; };
		9D8EF8C319D9FFB300ECC1C8 /* AppDelegate.h */ = {isa = PBXFileReference; lastKnownFileType = sourcecode.c.h; path = AppDelegate.h; sourceTree = "<group>"; };
		9D8EF8C419D9FFB300ECC1C8 /* AppDelegate.m */ = {isa = PBXFileReference; lastKnownFileType = sourcecode.c.objc; path = AppDelegate.m; sourceTree = "<group>"; };
		9D8EF8C719D9FFB300ECC1C8 /* Base */ = {isa = PBXFileReference; lastKnownFileType = file.storyboard; name = Base; path = Base.lproj/Main_iPhone.storyboard; sourceTree = "<group>"; };
		9D8EF8CA19D9FFB300ECC1C8 /* Base */ = {isa = PBXFileReference; lastKnownFileType = file.storyboard; name = Base; path = Base.lproj/Main_iPad.storyboard; sourceTree = "<group>"; };
		9D8EF8CF19D9FFB300ECC1C8 /* Images.xcassets */ = {isa = PBXFileReference; lastKnownFileType = folder.assetcatalog; path = Images.xcassets; sourceTree = "<group>"; };
		9D8EF8D519D9FFB300ECC1C8 /* NavigationViewControllerDemoTests.xctest */ = {isa = PBXFileReference; explicitFileType = wrapper.cfbundle; includeInIndex = 0; path = NavigationViewControllerDemoTests.xctest; sourceTree = BUILT_PRODUCTS_DIR; };
		9D8EF8D619D9FFB300ECC1C8 /* XCTest.framework */ = {isa = PBXFileReference; lastKnownFileType = wrapper.framework; name = XCTest.framework; path = Library/Frameworks/XCTest.framework; sourceTree = DEVELOPER_DIR; };
		9D8EF8DE19D9FFB300ECC1C8 /* NavigationViewControllerDemoTests-Info.plist */ = {isa = PBXFileReference; lastKnownFileType = text.plist.xml; path = "NavigationViewControllerDemoTests-Info.plist"; sourceTree = "<group>"; };
		9D8EF8E019D9FFB300ECC1C8 /* en */ = {isa = PBXFileReference; lastKnownFileType = text.plist.strings; name = en; path = en.lproj/InfoPlist.strings; sourceTree = "<group>"; };
		9D8EF8E219D9FFB300ECC1C8 /* NavigationViewControllerDemoTests.m */ = {isa = PBXFileReference; lastKnownFileType = sourcecode.c.objc; path = NavigationViewControllerDemoTests.m; sourceTree = "<group>"; };
		9D8EF8EC19DA00E800ECC1C8 /* RedViewController.h */ = {isa = PBXFileReference; fileEncoding = 4; lastKnownFileType = sourcecode.c.h; path = RedViewController.h; sourceTree = "<group>"; };
		9D8EF8ED19DA00E800ECC1C8 /* RedViewController.m */ = {isa = PBXFileReference; fileEncoding = 4; lastKnownFileType = sourcecode.c.objc; path = RedViewController.m; sourceTree = "<group>"; };
		9D8EF8EF19DA014900ECC1C8 /* BlueViewController.h */ = {isa = PBXFileReference; fileEncoding = 4; lastKnownFileType = sourcecode.c.h; path = BlueViewController.h; sourceTree = "<group>"; };
		9D8EF8F019DA014900ECC1C8 /* BlueViewController.m */ = {isa = PBXFileReference; fileEncoding = 4; lastKnownFileType = sourcecode.c.objc; path = BlueViewController.m; sourceTree = "<group>"; };
/* End PBXFileReference section */

/* Begin PBXFrameworksBuildPhase section */
		9D8EF8AE19D9FFB300ECC1C8 /* Frameworks */ = {
			isa = PBXFrameworksBuildPhase;
			buildActionMask = 2147483647;
			files = (
				9D8EF8B719D9FFB300ECC1C8 /* CoreGraphics.framework in Frameworks */,
				9D8EF8B919D9FFB300ECC1C8 /* UIKit.framework in Frameworks */,
				9D8EF8B519D9FFB300ECC1C8 /* Foundation.framework in Frameworks */,
			);
			runOnlyForDeploymentPostprocessing = 0;
		};
		9D8EF8D219D9FFB300ECC1C8 /* Frameworks */ = {
			isa = PBXFrameworksBuildPhase;
			buildActionMask = 2147483647;
			files = (
				9D8EF8D719D9FFB300ECC1C8 /* XCTest.framework in Frameworks */,
				9D8EF8D919D9FFB300ECC1C8 /* UIKit.framework in Frameworks */,
				9D8EF8D819D9FFB300ECC1C8 /* Foundation.framework in Frameworks */,
			);
			runOnlyForDeploymentPostprocessing = 0;
		};
/* End PBXFrameworksBuildPhase section */

/* Begin PBXGroup section */
		9D8EF8A819D9FFB300ECC1C8 = {
			isa = PBXGroup;
			children = (
				9D8EF8BA19D9FFB300ECC1C8 /* NavigationViewControllerDemo */,
				9D8EF8DC19D9FFB300ECC1C8 /* NavigationViewControllerDemoTests */,
				9D8EF8B319D9FFB300ECC1C8 /* Frameworks */,
				9D8EF8B219D9FFB300ECC1C8 /* Products */,
			);
			sourceTree = "<group>";
		};
		9D8EF8B219D9FFB300ECC1C8 /* Products */ = {
			isa = PBXGroup;
			children = (
				9D8EF8B119D9FFB300ECC1C8 /* NavigationViewControllerDemo.app */,
				9D8EF8D519D9FFB300ECC1C8 /* NavigationViewControllerDemoTests.xctest */,
			);
			name = Products;
			sourceTree = "<group>";
		};
		9D8EF8B319D9FFB300ECC1C8 /* Frameworks */ = {
			isa = PBXGroup;
			children = (
				9D8EF8B419D9FFB300ECC1C8 /* Foundation.framework */,
				9D8EF8B619D9FFB300ECC1C8 /* CoreGraphics.framework */,
				9D8EF8B819D9FFB300ECC1C8 /* UIKit.framework */,
				9D8EF8D619D9FFB300ECC1C8 /* XCTest.framework */,
			);
			name = Frameworks;
			sourceTree = "<group>";
		};
		9D8EF8BA19D9FFB300ECC1C8 /* NavigationViewControllerDemo */ = {
			isa = PBXGroup;
			children = (
				9D8EF8C319D9FFB300ECC1C8 /* AppDelegate.h */,
				9D8EF8C419D9FFB300ECC1C8 /* AppDelegate.m */,
				9D8EF8C619D9FFB300ECC1C8 /* Main_iPhone.storyboard */,
				9D8EF8C919D9FFB300ECC1C8 /* Main_iPad.storyboard */,
				9D8EF8CF19D9FFB300ECC1C8 /* Images.xcassets */,
				9D8EF8BB19D9FFB300ECC1C8 /* Supporting Files */,
				9D8EF8EC19DA00E800ECC1C8 /* RedViewController.h */,
				9D8EF8ED19DA00E800ECC1C8 /* RedViewController.m */,
				9D8EF8EF19DA014900ECC1C8 /* BlueViewController.h */,
				9D8EF8F019DA014900ECC1C8 /* BlueViewController.m */,
			);
			path = NavigationViewControllerDemo;
			sourceTree = "<group>";
		};
		9D8EF8BB19D9FFB300ECC1C8 /* Supporting Files */ = {
			isa = PBXGroup;
			children = (
				9D8EF8BC19D9FFB300ECC1C8 /* NavigationViewControllerDemo-Info.plist */,
				9D8EF8BD19D9FFB300ECC1C8 /* InfoPlist.strings */,
				9D8EF8C019D9FFB300ECC1C8 /* main.m */,
				9D8EF8C219D9FFB300ECC1C8 /* NavigationViewControllerDemo-Prefix.pch */,
			);
			name = "Supporting Files";
			sourceTree = "<group>";
		};
		9D8EF8DC19D9FFB300ECC1C8 /* NavigationViewControllerDemoTests */ = {
			isa = PBXGroup;
			children = (
				9D8EF8E219D9FFB300ECC1C8 /* NavigationViewControllerDemoTests.m */,
				9D8EF8DD19D9FFB300ECC1C8 /* Supporting Files */,
			);
			path = NavigationViewControllerDemoTests;
			sourceTree = "<group>";
		};
		9D8EF8DD19D9FFB300ECC1C8 /* Supporting Files */ = {
			isa = PBXGroup;
			children = (
				9D8EF8DE19D9FFB300ECC1C8 /* NavigationViewControllerDemoTests-Info.plist */,
				9D8EF8DF19D9FFB300ECC1C8 /* InfoPlist.strings */,
			);
			name = "Supporting Files";
			sourceTree = "<group>";
		};
/* End PBXGroup section */

/* Begin PBXNativeTarget section */
		9D8EF8B019D9FFB300ECC1C8 /* NavigationViewControllerDemo */ = {
			isa = PBXNativeTarget;
			buildConfigurationList = 9D8EF8E619D9FFB300ECC1C8 /* Build configuration list for PBXNativeTarget "NavigationViewControllerDemo" */;
			buildPhases = (
				9D8EF8AD19D9FFB300ECC1C8 /* Sources */,
				9D8EF8AE19D9FFB300ECC1C8 /* Frameworks */,
				9D8EF8AF19D9FFB300ECC1C8 /* Resources */,
			);
			buildRules = (
			);
			dependencies = (
			);
			name = NavigationViewControllerDemo;
			productName = NavigationViewControllerDemo;
			productReference = 9D8EF8B119D9FFB300ECC1C8 /* NavigationViewControllerDemo.app */;
			productType = "com.apple.product-type.application";
		};
		9D8EF8D419D9FFB300ECC1C8 /* NavigationViewControllerDemoTests */ = {
			isa = PBXNativeTarget;
			buildConfigurationList = 9D8EF8E919D9FFB300ECC1C8 /* Build configuration list for PBXNativeTarget "NavigationViewControllerDemoTests" */;
			buildPhases = (
				9D8EF8D119D9FFB300ECC1C8 /* Sources */,
				9D8EF8D219D9FFB300ECC1C8 /* Frameworks */,
				9D8EF8D319D9FFB300ECC1C8 /* Resources */,
			);
			buildRules = (
			);
			dependencies = (
				9D8EF8DB19D9FFB300ECC1C8 /* PBXTargetDependency */,
			);
			name = NavigationViewControllerDemoTests;
			productName = NavigationViewControllerDemoTests;
			productReference = 9D8EF8D519D9FFB300ECC1C8 /* NavigationViewControllerDemoTests.xctest */;
			productType = "com.apple.product-type.bundle.unit-test";
		};
/* End PBXNativeTarget section */

/* Begin PBXProject section */
		9D8EF8A919D9FFB300ECC1C8 /* Project object */ = {
			isa = PBXProject;
			attributes = {
				LastUpgradeCheck = 0510;
				ORGANIZATIONNAME = "CSU Fullerton";
				TargetAttributes = {
					9D8EF8D419D9FFB300ECC1C8 = {
						TestTargetID = 9D8EF8B019D9FFB300ECC1C8;
					};
				};
			};
			buildConfigurationList = 9D8EF8AC19D9FFB300ECC1C8 /* Build configuration list for PBXProject "NavigationViewControllerDemo" */;
			compatibilityVersion = "Xcode 3.2";
			developmentRegion = English;
			hasScannedForEncodings = 0;
			knownRegions = (
				en,
				Base,
			);
			mainGroup = 9D8EF8A819D9FFB300ECC1C8;
			productRefGroup = 9D8EF8B219D9FFB300ECC1C8 /* Products */;
			projectDirPath = "";
			projectRoot = "";
			targets = (
				9D8EF8B019D9FFB300ECC1C8 /* NavigationViewControllerDemo */,
				9D8EF8D419D9FFB300ECC1C8 /* NavigationViewControllerDemoTests */,
			);
		};
/* End PBXProject section */

/* Begin PBXResourcesBuildPhase section */
		9D8EF8AF19D9FFB300ECC1C8 /* Resources */ = {
			isa = PBXResourcesBuildPhase;
			buildActionMask = 2147483647;
			files = (
				9D8EF8CB19D9FFB300ECC1C8 /* Main_iPad.storyboard in Resources */,
				9D8EF8D019D9FFB300ECC1C8 /* Images.xcassets in Resources */,
				9D8EF8C819D9FFB300ECC1C8 /* Main_iPhone.storyboard in Resources */,
				9D8EF8BF19D9FFB300ECC1C8 /* InfoPlist.strings in Resources */,
			);
			runOnlyForDeploymentPostprocessing = 0;
		};
		9D8EF8D319D9FFB300ECC1C8 /* Resources */ = {
			isa = PBXResourcesBuildPhase;
			buildActionMask = 2147483647;
			files = (
				9D8EF8E119D9FFB300ECC1C8 /* InfoPlist.strings in Resources */,
			);
			runOnlyForDeploymentPostprocessing = 0;
		};
/* End PBXResourcesBuildPhase section */

/* Begin PBXSourcesBuildPhase section */
		9D8EF8AD19D9FFB300ECC1C8 /* Sources */ = {
			isa = PBXSourcesBuildPhase;
			buildActionMask = 2147483647;
			files = (
				9D8EF8C519D9FFB300ECC1C8 /* AppDelegate.m in Sources */,
				9D8EF8EE19DA00E800ECC1C8 /* RedViewController.m in Sources */,
				9D8EF8F119DA014900ECC1C8 /* BlueViewController.m in Sources */,
				9D8EF8C119D9FFB300ECC1C8 /* main.m in Sources */,
			);
			runOnlyForDeploymentPostprocessing = 0;
		};
		9D8EF8D119D9FFB300ECC1C8 /* Sources */ = {
			isa = PBXSourcesBuildPhase;
			buildActionMask = 2147483647;
			files = (
				9D8EF8E319D9FFB300ECC1C8 /* NavigationViewControllerDemoTests.m in Sources */,
			);
			runOnlyForDeploymentPostprocessing = 0;
		};
/* End PBXSourcesBuildPhase section */

/* Begin PBXTargetDependency section */
		9D8EF8DB19D9FFB300ECC1C8 /* PBXTargetDependency */ = {
			isa = PBXTargetDependency;
			target = 9D8EF8B019D9FFB300ECC1C8 /* NavigationViewControllerDemo */;
			targetProxy = 9D8EF8DA19D9FFB300ECC1C8 /* PBXContainerItemProxy */;
		};
/* End PBXTargetDependency section */

/* Begin PBXVariantGroup section */
		9D8EF8BD19D9FFB300ECC1C8 /* InfoPlist.strings */ = {
			isa = PBXVariantGroup;
			children = (
				9D8EF8BE19D9FFB300ECC1C8 /* en */,
			);
			name = InfoPlist.strings;
			sourceTree = "<group>";
		};
		9D8EF8C619D9FFB300ECC1C8 /* Main_iPhone.storyboard */ = {
			isa = PBXVariantGroup;
			children = (
				9D8EF8C719D9FFB300ECC1C8 /* Base */,
			);
			name = Main_iPhone.storyboard;
			sourceTree = "<group>";
		};
		9D8EF8C919D9FFB300ECC1C8 /* Main_iPad.storyboard */ = {
			isa = PBXVariantGroup;
			children = (
				9D8EF8CA19D9FFB300ECC1C8 /* Base */,
			);
			name = Main_iPad.storyboard;
			sourceTree = "<group>";
		};
		9D8EF8DF19D9FFB300ECC1C8 /* InfoPlist.strings */ = {
			isa = PBXVariantGroup;
			children = (
				9D8EF8E019D9FFB300ECC1C8 /* en */,
			);
			name = InfoPlist.strings;
			sourceTree = "<group>";
		};
/* End PBXVariantGroup section */

/* Begin XCBuildConfiguration section */
		9D8EF8E419D9FFB300ECC1C8 /* Debug */ = {
			isa = XCBuildConfiguration;
			buildSettings = {
				ALWAYS_SEARCH_USER_PATHS = NO;
				CLANG_CXX_LANGUAGE_STANDARD = "gnu++0x";
				CLANG_CXX_LIBRARY = "libc++";
				CLANG_ENABLE_MODULES = YES;
				CLANG_ENABLE_OBJC_ARC = YES;
				CLANG_WARN_BOOL_CONVERSION = YES;
				CLANG_WARN_CONSTANT_CONVERSION = YES;
				CLANG_WARN_DIRECT_OBJC_ISA_USAGE = YES_ERROR;
				CLANG_WARN_EMPTY_BODY = YES;
				CLANG_WARN_ENUM_CONVERSION = YES;
				CLANG_WARN_INT_CONVERSION = YES;
				CLANG_WARN_OBJC_ROOT_CLASS = YES_ERROR;
				CLANG_WARN__DUPLICATE_METHOD_MATCH = YES;
				"CODE_SIGN_IDENTITY[sdk=iphoneos*]" = "iPhone Developer";
				COPY_PHASE_STRIP = NO;
				GCC_C_LANGUAGE_STANDARD = gnu99;
				GCC_DYNAMIC_NO_PIC = NO;
				GCC_OPTIMIZATION_LEVEL = 0;
				GCC_PREPROCESSOR_DEFINITIONS = (
					"DEBUG=1",
					"$(inherited)",
				);
				GCC_SYMBOLS_PRIVATE_EXTERN = NO;
				GCC_WARN_64_TO_32_BIT_CONVERSION = YES;
				GCC_WARN_ABOUT_RETURN_TYPE = YES_ERROR;
				GCC_WARN_UNDECLARED_SELECTOR = YES;
				GCC_WARN_UNINITIALIZED_AUTOS = YES_AGGRESSIVE;
				GCC_WARN_UNUSED_FUNCTION = YES;
				GCC_WARN_UNUSED_VARIABLE = YES;
				IPHONEOS_DEPLOYMENT_TARGET = 7.1;
				ONLY_ACTIVE_ARCH = YES;
				SDKROOT = iphoneos;
				TARGETED_DEVICE_FAMILY = "1,2";
			};
			name = Debug;
		};
		9D8EF8E519D9FFB300ECC1C8 /* Release */ = {
			isa = XCBuildConfiguration;
			buildSettings = {
				ALWAYS_SEARCH_USER_PATHS = NO;
				CLANG_CXX_LANGUAGE_STANDARD = "gnu++0x";
				CLANG_CXX_LIBRARY = "libc++";
				CLANG_ENABLE_MODULES = YES;
				CLANG_ENABLE_OBJC_ARC = YES;
				CLANG_WARN_BOOL_CONVERSION = YES;
				CLANG_WARN_CONSTANT_CONVERSION = YES;
				CLANG_WARN_DIRECT_OBJC_ISA_USAGE = YES_ERROR;
				CLANG_WARN_EMPTY_BODY = YES;
				CLANG_WARN_ENUM_CONVERSION = YES;
				CLANG_WARN_INT_CONVERSION = YES;
				CLANG_WARN_OBJC_ROOT_CLASS = YES_ERROR;
				CLANG_WARN__DUPLICATE_METHOD_MATCH = YES;
				"CODE_SIGN_IDENTITY[sdk=iphoneos*]" = "iPhone Developer";
				COPY_PHASE_STRIP = YES;
				ENABLE_NS_ASSERTIONS = NO;
				GCC_C_LANGUAGE_STANDARD = gnu99;
				GCC_WARN_64_TO_32_BIT_CONVERSION = YES;
				GCC_WARN_ABOUT_RETURN_TYPE = YES_ERROR;
				GCC_WARN_UNDECLARED_SELECTOR = YES;
				GCC_WARN_UNINITIALIZED_AUTOS = YES_AGGRESSIVE;
				GCC_WARN_UNUSED_FUNCTION = YES;
				GCC_WARN_UNUSED_VARIABLE = YES;
				IPHONEOS_DEPLOYMENT_TARGET = 7.1;
				SDKROOT = iphoneos;
				TARGETED_DEVICE_FAMILY = "1,2";
				VALIDATE_PRODUCT = YES;
			};
			name = Release;
		};
		9D8EF8E719D9FFB300ECC1C8 /* Debug */ = {
			isa = XCBuildConfiguration;
			buildSettings = {
				ASSETCATALOG_COMPILER_APPICON_NAME = AppIcon;
				ASSETCATALOG_COMPILER_LAUNCHIMAGE_NAME = LaunchImage;
				GCC_PRECOMPILE_PREFIX_HEADER = YES;
				GCC_PREFIX_HEADER = "NavigationViewControllerDemo/NavigationViewControllerDemo-Prefix.pch";
				INFOPLIST_FILE = "NavigationViewControllerDemo/NavigationViewControllerDemo-Info.plist";
				PRODUCT_NAME = "$(TARGET_NAME)";
				WRAPPER_EXTENSION = app;
			};
			name = Debug;
		};
		9D8EF8E819D9FFB300ECC1C8 /* Release */ = {
			isa = XCBuildConfiguration;
			buildSettings = {
				ASSETCATALOG_COMPILER_APPICON_NAME = AppIcon;
				ASSETCATALOG_COMPILER_LAUNCHIMAGE_NAME = LaunchImage;
				GCC_PRECOMPILE_PREFIX_HEADER = YES;
				GCC_PREFIX_HEADER = "NavigationViewControllerDemo/NavigationViewControllerDemo-Prefix.pch";
				INFOPLIST_FILE = "NavigationViewControllerDemo/NavigationViewControllerDemo-Info.plist";
				PRODUCT_NAME = "$(TARGET_NAME)";
				WRAPPER_EXTENSION = app;
			};
			name = Release;
		};
		9D8EF8EA19D9FFB300ECC1C8 /* Debug */ = {
			isa = XCBuildConfiguration;
			buildSettings = {
				BUNDLE_LOADER = "$(BUILT_PRODUCTS_DIR)/NavigationViewControllerDemo.app/NavigationViewControllerDemo";
				FRAMEWORK_SEARCH_PATHS = (
					"$(SDKROOT)/Developer/Library/Frameworks",
					"$(inherited)",
					"$(DEVELOPER_FRAMEWORKS_DIR)",
				);
				GCC_PRECOMPILE_PREFIX_HEADER = YES;
				GCC_PREFIX_HEADER = "NavigationViewControllerDemo/NavigationViewControllerDemo-Prefix.pch";
				GCC_PREPROCESSOR_DEFINITIONS = (
					"DEBUG=1",
					"$(inherited)",
				);
				INFOPLIST_FILE = "NavigationViewControllerDemoTests/NavigationViewControllerDemoTests-Info.plist";
				PRODUCT_NAME = "$(TARGET_NAME)";
				TEST_HOST = "$(BUNDLE_LOADER)";
				WRAPPER_EXTENSION = xctest;
			};
			name = Debug;
		};
		9D8EF8EB19D9FFB300ECC1C8 /* Release */ = {
			isa = XCBuildConfiguration;
			buildSettings = {
				BUNDLE_LOADER = "$(BUILT_PRODUCTS_DIR)/NavigationViewControllerDemo.app/NavigationViewControllerDemo";
				FRAMEWORK_SEARCH_PATHS = (
					"$(SDKROOT)/Developer/Library/Frameworks",
					"$(inherited)",
					"$(DEVELOPER_FRAMEWORKS_DIR)",
				);
				GCC_PRECOMPILE_PREFIX_HEADER = YES;
				GCC_PREFIX_HEADER = "NavigationViewControllerDemo/NavigationViewControllerDemo-Prefix.pch";
				INFOPLIST_FILE = "NavigationViewControllerDemoTests/NavigationViewControllerDemoTests-Info.plist";
				PRODUCT_NAME = "$(TARGET_NAME)";
				TEST_HOST = "$(BUNDLE_LOADER)";
				WRAPPER_EXTENSION = xctest;
			};
			name = Release;
		};
/* End XCBuildConfiguration section */

/* Begin XCConfigurationList section */
		9D8EF8AC19D9FFB300ECC1C8 /* Build configuration list for PBXProject "NavigationViewControllerDemo" */ = {
			isa = XCConfigurationList;
			buildConfigurations = (
				9D8EF8E419D9FFB300ECC1C8 /* Debug */,
				9D8EF8E519D9FFB300ECC1C8 /* Release */,
			);
			defaultConfigurationIsVisible = 0;
			defaultConfigurationName = Release;
		};
		9D8EF8E619D9FFB300ECC1C8 /* Build configuration list for PBXNativeTarget "NavigationViewControllerDemo" */ = {
			isa = XCConfigurationList;
			buildConfigurations = (
				9D8EF8E719D9FFB300ECC1C8 /* Debug */,
				9D8EF8E819D9FFB300ECC1C8 /* Release */,
			);
			defaultConfigurationIsVisible = 0;
		};
		9D8EF8E919D9FFB300ECC1C8 /* Build configuration list for PBXNativeTarget "NavigationViewControllerDemoTests" */ = {
			isa = XCConfigurationList;
			buildConfigurations = (
				9D8EF8EA19D9FFB300ECC1C8 /* Debug */,
				9D8EF8EB19D9FFB300ECC1C8 /* Release */,
			);
			defaultConfigurationIsVisible = 0;
		};
/* End XCConfigurationList section */
	};
	rootObject = 9D8EF8A919D9FFB300ECC1C8 /* Project object */;
}
