// !$*UTF8*$!
{
	archiveVersion = 1;
	classes = {
	};
	objectVersion = 46;
	objects = {

/* Begin PBXBuildFile section */
		03C31F471730734C00AF556F /* aberration.c in Sources */ = {isa = PBXBuildFile; fileRef = 03C31F251730734C00AF556F /* aberration.c */; };
		03C31F481730734C00AF556F /* airmass.c in Sources */ = {isa = PBXBuildFile; fileRef = 03C31F261730734C00AF556F /* airmass.c */; };
		03C31F491730734C00AF556F /* angular_separation.c in Sources */ = {isa = PBXBuildFile; fileRef = 03C31F271730734C00AF556F /* angular_separation.c */; };
		03C31F4A1730734C00AF556F /* apparent_position.c in Sources */ = {isa = PBXBuildFile; fileRef = 03C31F281730734C00AF556F /* apparent_position.c */; };
		03C31F4B1730734C00AF556F /* asteroid.c in Sources */ = {isa = PBXBuildFile; fileRef = 03C31F291730734C00AF556F /* asteroid.c */; };
		03C31F4C1730734C00AF556F /* comet.c in Sources */ = {isa = PBXBuildFile; fileRef = 03C31F2A1730734C00AF556F /* comet.c */; };
		03C31F4D1730734C00AF556F /* dynamical_time.c in Sources */ = {isa = PBXBuildFile; fileRef = 03C31F2B1730734C00AF556F /* dynamical_time.c */; };
		03C31F4E1730734C00AF556F /* earth.c in Sources */ = {isa = PBXBuildFile; fileRef = 03C31F2C1730734C00AF556F /* earth.c */; };
		03C31F4F1730734C00AF556F /* elliptic_motion.c in Sources */ = {isa = PBXBuildFile; fileRef = 03C31F2D1730734C00AF556F /* elliptic_motion.c */; };
		03C31F501730734C00AF556F /* heliocentric_time.c in Sources */ = {isa = PBXBuildFile; fileRef = 03C31F2E1730734C00AF556F /* heliocentric_time.c */; };
		03C31F511730734C00AF556F /* hyperbolic_motion.c in Sources */ = {isa = PBXBuildFile; fileRef = 03C31F2F1730734C00AF556F /* hyperbolic_motion.c */; };
		03C31F521730734C00AF556F /* julian_day.c in Sources */ = {isa = PBXBuildFile; fileRef = 03C31F301730734C00AF556F /* julian_day.c */; };
		03C31F531730734C00AF556F /* jupiter.c in Sources */ = {isa = PBXBuildFile; fileRef = 03C31F311730734C00AF556F /* jupiter.c */; };
		03C31F541730734C00AF556F /* lunar.c in Sources */ = {isa = PBXBuildFile; fileRef = 03C31F321730734C00AF556F /* lunar.c */; };
		03C31F551730734C00AF556F /* mars.c in Sources */ = {isa = PBXBuildFile; fileRef = 03C31F331730734C00AF556F /* mars.c */; };
		03C31F561730734C00AF556F /* mercury.c in Sources */ = {isa = PBXBuildFile; fileRef = 03C31F341730734C00AF556F /* mercury.c */; };
		03C31F571730734C00AF556F /* misc.c in Sources */ = {isa = PBXBuildFile; fileRef = 03C31F351730734C00AF556F /* misc.c */; };
		03C31F581730734C00AF556F /* neptune.c in Sources */ = {isa = PBXBuildFile; fileRef = 03C31F361730734C00AF556F /* neptune.c */; };
		03C31F591730734C00AF556F /* nutation.c in Sources */ = {isa = PBXBuildFile; fileRef = 03C31F371730734C00AF556F /* nutation.c */; };
		03C31F5A1730734C00AF556F /* parabolic_motion.c in Sources */ = {isa = PBXBuildFile; fileRef = 03C31F381730734C00AF556F /* parabolic_motion.c */; };
		03C31F5B1730734C00AF556F /* parallax.c in Sources */ = {isa = PBXBuildFile; fileRef = 03C31F391730734C00AF556F /* parallax.c */; };
		03C31F5C1730734C00AF556F /* pluto.c in Sources */ = {isa = PBXBuildFile; fileRef = 03C31F3A1730734C00AF556F /* pluto.c */; };
		03C31F5D1730734C00AF556F /* precession.c in Sources */ = {isa = PBXBuildFile; fileRef = 03C31F3B1730734C00AF556F /* precession.c */; };
		03C31F5E1730734C00AF556F /* proper_motion.c in Sources */ = {isa = PBXBuildFile; fileRef = 03C31F3C1730734C00AF556F /* proper_motion.c */; };
		03C31F5F1730734C00AF556F /* refraction.c in Sources */ = {isa = PBXBuildFile; fileRef = 03C31F3D1730734C00AF556F /* refraction.c */; };
		03C31F601730734C00AF556F /* rise_set.c in Sources */ = {isa = PBXBuildFile; fileRef = 03C31F3E1730734C00AF556F /* rise_set.c */; };
		03C31F611730734C00AF556F /* saturn.c in Sources */ = {isa = PBXBuildFile; fileRef = 03C31F3F1730734C00AF556F /* saturn.c */; };
		03C31F621730734C00AF556F /* sidereal_time.c in Sources */ = {isa = PBXBuildFile; fileRef = 03C31F401730734C00AF556F /* sidereal_time.c */; };
		03C31F631730734C00AF556F /* solar.c in Sources */ = {isa = PBXBuildFile; fileRef = 03C31F411730734C00AF556F /* solar.c */; };
		03C31F641730734C00AF556F /* transform.c in Sources */ = {isa = PBXBuildFile; fileRef = 03C31F421730734C00AF556F /* transform.c */; };
		03C31F651730734C00AF556F /* uranus.c in Sources */ = {isa = PBXBuildFile; fileRef = 03C31F431730734C00AF556F /* uranus.c */; };
		03C31F661730734C00AF556F /* utility.c in Sources */ = {isa = PBXBuildFile; fileRef = 03C31F441730734C00AF556F /* utility.c */; };
		03C31F671730734C00AF556F /* venus.c in Sources */ = {isa = PBXBuildFile; fileRef = 03C31F451730734C00AF556F /* venus.c */; };
		03C31F681730734C00AF556F /* vsop87.c in Sources */ = {isa = PBXBuildFile; fileRef = 03C31F461730734C00AF556F /* vsop87.c */; };
		03C31F8D1730739900AF556F /* aberration.h in Headers */ = {isa = PBXBuildFile; fileRef = 03C31F6A1730739900AF556F /* aberration.h */; settings = {ATTRIBUTES = (Public, ); }; };
		03C31F8E1730739900AF556F /* airmass.h in Headers */ = {isa = PBXBuildFile; fileRef = 03C31F6B1730739900AF556F /* airmass.h */; settings = {ATTRIBUTES = (Public, ); }; };
		03C31F8F1730739900AF556F /* angular_separation.h in Headers */ = {isa = PBXBuildFile; fileRef = 03C31F6C1730739900AF556F /* angular_separation.h */; settings = {ATTRIBUTES = (Public, ); }; };
		03C31F901730739900AF556F /* apparent_position.h in Headers */ = {isa = PBXBuildFile; fileRef = 03C31F6D1730739900AF556F /* apparent_position.h */; settings = {ATTRIBUTES = (Public, ); }; };
		03C31F911730739900AF556F /* asteroid.h in Headers */ = {isa = PBXBuildFile; fileRef = 03C31F6E1730739900AF556F /* asteroid.h */; settings = {ATTRIBUTES = (Public, ); }; };
		03C31F921730739900AF556F /* comet.h in Headers */ = {isa = PBXBuildFile; fileRef = 03C31F6F1730739900AF556F /* comet.h */; settings = {ATTRIBUTES = (Public, ); }; };
		03C31F931730739900AF556F /* dynamical_time.h in Headers */ = {isa = PBXBuildFile; fileRef = 03C31F701730739900AF556F /* dynamical_time.h */; settings = {ATTRIBUTES = (Public, ); }; };
		03C31F941730739900AF556F /* earth.h in Headers */ = {isa = PBXBuildFile; fileRef = 03C31F711730739900AF556F /* earth.h */; settings = {ATTRIBUTES = (Public, ); }; };
		03C31F951730739900AF556F /* elliptic_motion.h in Headers */ = {isa = PBXBuildFile; fileRef = 03C31F721730739900AF556F /* elliptic_motion.h */; settings = {ATTRIBUTES = (Public, ); }; };
		03C31F961730739900AF556F /* heliocentric_time.h in Headers */ = {isa = PBXBuildFile; fileRef = 03C31F731730739900AF556F /* heliocentric_time.h */; settings = {ATTRIBUTES = (Public, ); }; };
		03C31F971730739900AF556F /* hyperbolic_motion.h in Headers */ = {isa = PBXBuildFile; fileRef = 03C31F741730739900AF556F /* hyperbolic_motion.h */; settings = {ATTRIBUTES = (Public, ); }; };
		03C31F981730739900AF556F /* julian_day.h in Headers */ = {isa = PBXBuildFile; fileRef = 03C31F751730739900AF556F /* julian_day.h */; settings = {ATTRIBUTES = (Public, ); }; };
		03C31F991730739900AF556F /* jupiter.h in Headers */ = {isa = PBXBuildFile; fileRef = 03C31F761730739900AF556F /* jupiter.h */; settings = {ATTRIBUTES = (Public, ); }; };
		03C31F9A1730739900AF556F /* libnova.h in Headers */ = {isa = PBXBuildFile; fileRef = 03C31F771730739900AF556F /* libnova.h */; settings = {ATTRIBUTES = (Public, ); }; };
		03C31F9B1730739900AF556F /* ln_types.h in Headers */ = {isa = PBXBuildFile; fileRef = 03C31F781730739900AF556F /* ln_types.h */; settings = {ATTRIBUTES = (Public, ); }; };
		03C31F9C1730739900AF556F /* lunar.h in Headers */ = {isa = PBXBuildFile; fileRef = 03C31F791730739900AF556F /* lunar.h */; settings = {ATTRIBUTES = (Public, ); }; };
		03C31F9D1730739900AF556F /* mars.h in Headers */ = {isa = PBXBuildFile; fileRef = 03C31F7A1730739900AF556F /* mars.h */; settings = {ATTRIBUTES = (Public, ); }; };
		03C31F9E1730739900AF556F /* mercury.h in Headers */ = {isa = PBXBuildFile; fileRef = 03C31F7B1730739900AF556F /* mercury.h */; settings = {ATTRIBUTES = (Public, ); }; };
		03C31F9F1730739900AF556F /* neptune.h in Headers */ = {isa = PBXBuildFile; fileRef = 03C31F7C1730739900AF556F /* neptune.h */; settings = {ATTRIBUTES = (Public, ); }; };
		03C31FA01730739900AF556F /* nutation.h in Headers */ = {isa = PBXBuildFile; fileRef = 03C31F7D1730739900AF556F /* nutation.h */; settings = {ATTRIBUTES = (Public, ); }; };
		03C31FA11730739900AF556F /* parabolic_motion.h in Headers */ = {isa = PBXBuildFile; fileRef = 03C31F7E1730739900AF556F /* parabolic_motion.h */; settings = {ATTRIBUTES = (Public, ); }; };
		03C31FA21730739900AF556F /* parallax.h in Headers */ = {isa = PBXBuildFile; fileRef = 03C31F7F1730739900AF556F /* parallax.h */; settings = {ATTRIBUTES = (Public, ); }; };
		03C31FA31730739900AF556F /* pluto.h in Headers */ = {isa = PBXBuildFile; fileRef = 03C31F801730739900AF556F /* pluto.h */; settings = {ATTRIBUTES = (Public, ); }; };
		03C31FA41730739900AF556F /* precession.h in Headers */ = {isa = PBXBuildFile; fileRef = 03C31F811730739900AF556F /* precession.h */; settings = {ATTRIBUTES = (Public, ); }; };
		03C31FA51730739900AF556F /* proper_motion.h in Headers */ = {isa = PBXBuildFile; fileRef = 03C31F821730739900AF556F /* proper_motion.h */; settings = {ATTRIBUTES = (Public, ); }; };
		03C31FA61730739900AF556F /* refraction.h in Headers */ = {isa = PBXBuildFile; fileRef = 03C31F831730739900AF556F /* refraction.h */; settings = {ATTRIBUTES = (Public, ); }; };
		03C31FA71730739900AF556F /* rise_set.h in Headers */ = {isa = PBXBuildFile; fileRef = 03C31F841730739900AF556F /* rise_set.h */; settings = {ATTRIBUTES = (Public, ); }; };
		03C31FA81730739900AF556F /* saturn.h in Headers */ = {isa = PBXBuildFile; fileRef = 03C31F851730739900AF556F /* saturn.h */; settings = {ATTRIBUTES = (Public, ); }; };
		03C31FA91730739900AF556F /* sidereal_time.h in Headers */ = {isa = PBXBuildFile; fileRef = 03C31F861730739900AF556F /* sidereal_time.h */; settings = {ATTRIBUTES = (Public, ); }; };
		03C31FAA1730739900AF556F /* solar.h in Headers */ = {isa = PBXBuildFile; fileRef = 03C31F871730739900AF556F /* solar.h */; settings = {ATTRIBUTES = (Public, ); }; };
		03C31FAB1730739900AF556F /* transform.h in Headers */ = {isa = PBXBuildFile; fileRef = 03C31F881730739900AF556F /* transform.h */; settings = {ATTRIBUTES = (Public, ); }; };
		03C31FAC1730739900AF556F /* uranus.h in Headers */ = {isa = PBXBuildFile; fileRef = 03C31F891730739900AF556F /* uranus.h */; settings = {ATTRIBUTES = (Public, ); }; };
		03C31FAD1730739900AF556F /* utility.h in Headers */ = {isa = PBXBuildFile; fileRef = 03C31F8A1730739900AF556F /* utility.h */; settings = {ATTRIBUTES = (Public, ); }; };
		03C31FAE1730739900AF556F /* venus.h in Headers */ = {isa = PBXBuildFile; fileRef = 03C31F8B1730739900AF556F /* venus.h */; settings = {ATTRIBUTES = (Public, ); }; };
		03C31FAF1730739900AF556F /* vsop87.h in Headers */ = {isa = PBXBuildFile; fileRef = 03C31F8C1730739900AF556F /* vsop87.h */; settings = {ATTRIBUTES = (Public, ); }; };
/* End PBXBuildFile section */

/* Begin PBXFileReference section */
		03C31F1D1730730A00AF556F /* libMacnova.a */ = {isa = PBXFileReference; explicitFileType = archive.ar; includeInIndex = 0; path = libMacnova.a; sourceTree = BUILT_PRODUCTS_DIR; };
		03C31F251730734C00AF556F /* aberration.c */ = {isa = PBXFileReference; fileEncoding = 4; lastKnownFileType = sourcecode.c.c; name = aberration.c; path = ../../src/aberration.c; sourceTree = "<group>"; };
		03C31F261730734C00AF556F /* airmass.c */ = {isa = PBXFileReference; fileEncoding = 4; lastKnownFileType = sourcecode.c.c; name = airmass.c; path = ../../src/airmass.c; sourceTree = "<group>"; };
		03C31F271730734C00AF556F /* angular_separation.c */ = {isa = PBXFileReference; fileEncoding = 4; lastKnownFileType = sourcecode.c.c; name = angular_separation.c; path = ../../src/angular_separation.c; sourceTree = "<group>"; };
		03C31F281730734C00AF556F /* apparent_position.c */ = {isa = PBXFileReference; fileEncoding = 4; lastKnownFileType = sourcecode.c.c; name = apparent_position.c; path = ../../src/apparent_position.c; sourceTree = "<group>"; };
		03C31F291730734C00AF556F /* asteroid.c */ = {isa = PBXFileReference; fileEncoding = 4; lastKnownFileType = sourcecode.c.c; name = asteroid.c; path = ../../src/asteroid.c; sourceTree = "<group>"; };
		03C31F2A1730734C00AF556F /* comet.c */ = {isa = PBXFileReference; fileEncoding = 4; lastKnownFileType = sourcecode.c.c; name = comet.c; path = ../../src/comet.c; sourceTree = "<group>"; };
		03C31F2B1730734C00AF556F /* dynamical_time.c */ = {isa = PBXFileReference; fileEncoding = 4; lastKnownFileType = sourcecode.c.c; name = dynamical_time.c; path = ../../src/dynamical_time.c; sourceTree = "<group>"; };
		03C31F2C1730734C00AF556F /* earth.c */ = {isa = PBXFileReference; fileEncoding = 4; lastKnownFileType = sourcecode.c.c; name = earth.c; path = ../../src/earth.c; sourceTree = "<group>"; };
		03C31F2D1730734C00AF556F /* elliptic_motion.c */ = {isa = PBXFileReference; fileEncoding = 4; lastKnownFileType = sourcecode.c.c; name = elliptic_motion.c; path = ../../src/elliptic_motion.c; sourceTree = "<group>"; };
		03C31F2E1730734C00AF556F /* heliocentric_time.c */ = {isa = PBXFileReference; fileEncoding = 4; lastKnownFileType = sourcecode.c.c; name = heliocentric_time.c; path = ../../src/heliocentric_time.c; sourceTree = "<group>"; };
		03C31F2F1730734C00AF556F /* hyperbolic_motion.c */ = {isa = PBXFileReference; fileEncoding = 4; lastKnownFileType = sourcecode.c.c; name = hyperbolic_motion.c; path = ../../src/hyperbolic_motion.c; sourceTree = "<group>"; };
		03C31F301730734C00AF556F /* julian_day.c */ = {isa = PBXFileReference; fileEncoding = 4; lastKnownFileType = sourcecode.c.c; name = julian_day.c; path = ../../src/julian_day.c; sourceTree = "<group>"; };
		03C31F311730734C00AF556F /* jupiter.c */ = {isa = PBXFileReference; fileEncoding = 4; lastKnownFileType = sourcecode.c.c; name = jupiter.c; path = ../../src/jupiter.c; sourceTree = "<group>"; };
		03C31F321730734C00AF556F /* lunar.c */ = {isa = PBXFileReference; fileEncoding = 4; lastKnownFileType = sourcecode.c.c; name = lunar.c; path = ../../src/lunar.c; sourceTree = "<group>"; };
		03C31F331730734C00AF556F /* mars.c */ = {isa = PBXFileReference; fileEncoding = 4; lastKnownFileType = sourcecode.c.c; name = mars.c; path = ../../src/mars.c; sourceTree = "<group>"; };
		03C31F341730734C00AF556F /* mercury.c */ = {isa = PBXFileReference; fileEncoding = 4; lastKnownFileType = sourcecode.c.c; name = mercury.c; path = ../../src/mercury.c; sourceTree = "<group>"; };
		03C31F351730734C00AF556F /* misc.c */ = {isa = PBXFileReference; fileEncoding = 4; lastKnownFileType = sourcecode.c.c; name = misc.c; path = ../../src/misc.c; sourceTree = "<group>"; };
		03C31F361730734C00AF556F /* neptune.c */ = {isa = PBXFileReference; fileEncoding = 4; lastKnownFileType = sourcecode.c.c; name = neptune.c; path = ../../src/neptune.c; sourceTree = "<group>"; };
		03C31F371730734C00AF556F /* nutation.c */ = {isa = PBXFileReference; fileEncoding = 4; lastKnownFileType = sourcecode.c.c; name = nutation.c; path = ../../src/nutation.c; sourceTree = "<group>"; };
		03C31F381730734C00AF556F /* parabolic_motion.c */ = {isa = PBXFileReference; fileEncoding = 4; lastKnownFileType = sourcecode.c.c; name = parabolic_motion.c; path = ../../src/parabolic_motion.c; sourceTree = "<group>"; };
		03C31F391730734C00AF556F /* parallax.c */ = {isa = PBXFileReference; fileEncoding = 4; lastKnownFileType = sourcecode.c.c; name = parallax.c; path = ../../src/parallax.c; sourceTree = "<group>"; };
		03C31F3A1730734C00AF556F /* pluto.c */ = {isa = PBXFileReference; fileEncoding = 4; lastKnownFileType = sourcecode.c.c; name = pluto.c; path = ../../src/pluto.c; sourceTree = "<group>"; };
		03C31F3B1730734C00AF556F /* precession.c */ = {isa = PBXFileReference; fileEncoding = 4; lastKnownFileType = sourcecode.c.c; name = precession.c; path = ../../src/precession.c; sourceTree = "<group>"; };
		03C31F3C1730734C00AF556F /* proper_motion.c */ = {isa = PBXFileReference; fileEncoding = 4; lastKnownFileType = sourcecode.c.c; name = proper_motion.c; path = ../../src/proper_motion.c; sourceTree = "<group>"; };
		03C31F3D1730734C00AF556F /* refraction.c */ = {isa = PBXFileReference; fileEncoding = 4; lastKnownFileType = sourcecode.c.c; name = refraction.c; path = ../../src/refraction.c; sourceTree = "<group>"; };
		03C31F3E1730734C00AF556F /* rise_set.c */ = {isa = PBXFileReference; fileEncoding = 4; lastKnownFileType = sourcecode.c.c; name = rise_set.c; path = ../../src/rise_set.c; sourceTree = "<group>"; };
		03C31F3F1730734C00AF556F /* saturn.c */ = {isa = PBXFileReference; fileEncoding = 4; lastKnownFileType = sourcecode.c.c; name = saturn.c; path = ../../src/saturn.c; sourceTree = "<group>"; };
		03C31F401730734C00AF556F /* sidereal_time.c */ = {isa = PBXFileReference; fileEncoding = 4; lastKnownFileType = sourcecode.c.c; name = sidereal_time.c; path = ../../src/sidereal_time.c; sourceTree = "<group>"; };
		03C31F411730734C00AF556F /* solar.c */ = {isa = PBXFileReference; fileEncoding = 4; lastKnownFileType = sourcecode.c.c; name = solar.c; path = ../../src/solar.c; sourceTree = "<group>"; };
		03C31F421730734C00AF556F /* transform.c */ = {isa = PBXFileReference; fileEncoding = 4; lastKnownFileType = sourcecode.c.c; name = transform.c; path = ../../src/transform.c; sourceTree = "<group>"; };
		03C31F431730734C00AF556F /* uranus.c */ = {isa = PBXFileReference; fileEncoding = 4; lastKnownFileType = sourcecode.c.c; name = uranus.c; path = ../../src/uranus.c; sourceTree = "<group>"; };
		03C31F441730734C00AF556F /* utility.c */ = {isa = PBXFileReference; fileEncoding = 4; lastKnownFileType = sourcecode.c.c; name = utility.c; path = ../../src/utility.c; sourceTree = "<group>"; };
		03C31F451730734C00AF556F /* venus.c */ = {isa = PBXFileReference; fileEncoding = 4; lastKnownFileType = sourcecode.c.c; name = venus.c; path = ../../src/venus.c; sourceTree = "<group>"; };
		03C31F461730734C00AF556F /* vsop87.c */ = {isa = PBXFileReference; fileEncoding = 4; lastKnownFileType = sourcecode.c.c; name = vsop87.c; path = ../../src/vsop87.c; sourceTree = "<group>"; };
		03C31F6A1730739900AF556F /* aberration.h */ = {isa = PBXFileReference; fileEncoding = 4; lastKnownFileType = sourcecode.c.h; name = aberration.h; path = ../../src/libnova/aberration.h; sourceTree = "<group>"; };
		03C31F6B1730739900AF556F /* airmass.h */ = {isa = PBXFileReference; fileEncoding = 4; lastKnownFileType = sourcecode.c.h; name = airmass.h; path = ../../src/libnova/airmass.h; sourceTree = "<group>"; };
		03C31F6C1730739900AF556F /* angular_separation.h */ = {isa = PBXFileReference; fileEncoding = 4; lastKnownFileType = sourcecode.c.h; name = angular_separation.h; path = ../../src/libnova/angular_separation.h; sourceTree = "<group>"; };
		03C31F6D1730739900AF556F /* apparent_position.h */ = {isa = PBXFileReference; fileEncoding = 4; lastKnownFileType = sourcecode.c.h; name = apparent_position.h; path = ../../src/libnova/apparent_position.h; sourceTree = "<group>"; };
		03C31F6E1730739900AF556F /* asteroid.h */ = {isa = PBXFileReference; fileEncoding = 4; lastKnownFileType = sourcecode.c.h; name = asteroid.h; path = ../../src/libnova/asteroid.h; sourceTree = "<group>"; };
		03C31F6F1730739900AF556F /* comet.h */ = {isa = PBXFileReference; fileEncoding = 4; lastKnownFileType = sourcecode.c.h; name = comet.h; path = ../../src/libnova/comet.h; sourceTree = "<group>"; };
		03C31F701730739900AF556F /* dynamical_time.h */ = {isa = PBXFileReference; fileEncoding = 4; lastKnownFileType = sourcecode.c.h; name = dynamical_time.h; path = ../../src/libnova/dynamical_time.h; sourceTree = "<group>"; };
		03C31F711730739900AF556F /* earth.h */ = {isa = PBXFileReference; fileEncoding = 4; lastKnownFileType = sourcecode.c.h; name = earth.h; path = ../../src/libnova/earth.h; sourceTree = "<group>"; };
		03C31F721730739900AF556F /* elliptic_motion.h */ = {isa = PBXFileReference; fileEncoding = 4; lastKnownFileType = sourcecode.c.h; name = elliptic_motion.h; path = ../../src/libnova/elliptic_motion.h; sourceTree = "<group>"; };
		03C31F731730739900AF556F /* heliocentric_time.h */ = {isa = PBXFileReference; fileEncoding = 4; lastKnownFileType = sourcecode.c.h; name = heliocentric_time.h; path = ../../src/libnova/heliocentric_time.h; sourceTree = "<group>"; };
		03C31F741730739900AF556F /* hyperbolic_motion.h */ = {isa = PBXFileReference; fileEncoding = 4; lastKnownFileType = sourcecode.c.h; name = hyperbolic_motion.h; path = ../../src/libnova/hyperbolic_motion.h; sourceTree = "<group>"; };
		03C31F751730739900AF556F /* julian_day.h */ = {isa = PBXFileReference; fileEncoding = 4; lastKnownFileType = sourcecode.c.h; name = julian_day.h; path = ../../src/libnova/julian_day.h; sourceTree = "<group>"; };
		03C31F761730739900AF556F /* jupiter.h */ = {isa = PBXFileReference; fileEncoding = 4; lastKnownFileType = sourcecode.c.h; name = jupiter.h; path = ../../src/libnova/jupiter.h; sourceTree = "<group>"; };
		03C31F771730739900AF556F /* libnova.h */ = {isa = PBXFileReference; fileEncoding = 4; lastKnownFileType = sourcecode.c.h; name = libnova.h; path = ../../src/libnova/libnova.h; sourceTree = "<group>"; };
		03C31F781730739900AF556F /* ln_types.h */ = {isa = PBXFileReference; fileEncoding = 4; lastKnownFileType = sourcecode.c.h; name = ln_types.h; path = ../../src/libnova/ln_types.h; sourceTree = "<group>"; };
		03C31F791730739900AF556F /* lunar.h */ = {isa = PBXFileReference; fileEncoding = 4; lastKnownFileType = sourcecode.c.h; name = lunar.h; path = ../../src/libnova/lunar.h; sourceTree = "<group>"; };
		03C31F7A1730739900AF556F /* mars.h */ = {isa = PBXFileReference; fileEncoding = 4; lastKnownFileType = sourcecode.c.h; name = mars.h; path = ../../src/libnova/mars.h; sourceTree = "<group>"; };
		03C31F7B1730739900AF556F /* mercury.h */ = {isa = PBXFileReference; fileEncoding = 4; lastKnownFileType = sourcecode.c.h; name = mercury.h; path = ../../src/libnova/mercury.h; sourceTree = "<group>"; };
		03C31F7C1730739900AF556F /* neptune.h */ = {isa = PBXFileReference; fileEncoding = 4; lastKnownFileType = sourcecode.c.h; name = neptune.h; path = ../../src/libnova/neptune.h; sourceTree = "<group>"; };
		03C31F7D1730739900AF556F /* nutation.h */ = {isa = PBXFileReference; fileEncoding = 4; lastKnownFileType = sourcecode.c.h; name = nutation.h; path = ../../src/libnova/nutation.h; sourceTree = "<group>"; };
		03C31F7E1730739900AF556F /* parabolic_motion.h */ = {isa = PBXFileReference; fileEncoding = 4; lastKnownFileType = sourcecode.c.h; name = parabolic_motion.h; path = ../../src/libnova/parabolic_motion.h; sourceTree = "<group>"; };
		03C31F7F1730739900AF556F /* parallax.h */ = {isa = PBXFileReference; fileEncoding = 4; lastKnownFileType = sourcecode.c.h; name = parallax.h; path = ../../src/libnova/parallax.h; sourceTree = "<group>"; };
		03C31F801730739900AF556F /* pluto.h */ = {isa = PBXFileReference; fileEncoding = 4; lastKnownFileType = sourcecode.c.h; name = pluto.h; path = ../../src/libnova/pluto.h; sourceTree = "<group>"; };
		03C31F811730739900AF556F /* precession.h */ = {isa = PBXFileReference; fileEncoding = 4; lastKnownFileType = sourcecode.c.h; name = precession.h; path = ../../src/libnova/precession.h; sourceTree = "<group>"; };
		03C31F821730739900AF556F /* proper_motion.h */ = {isa = PBXFileReference; fileEncoding = 4; lastKnownFileType = sourcecode.c.h; name = proper_motion.h; path = ../../src/libnova/proper_motion.h; sourceTree = "<group>"; };
		03C31F831730739900AF556F /* refraction.h */ = {isa = PBXFileReference; fileEncoding = 4; lastKnownFileType = sourcecode.c.h; name = refraction.h; path = ../../src/libnova/refraction.h; sourceTree = "<group>"; };
		03C31F841730739900AF556F /* rise_set.h */ = {isa = PBXFileReference; fileEncoding = 4; lastKnownFileType = sourcecode.c.h; name = rise_set.h; path = ../../src/libnova/rise_set.h; sourceTree = "<group>"; };
		03C31F851730739900AF556F /* saturn.h */ = {isa = PBXFileReference; fileEncoding = 4; lastKnownFileType = sourcecode.c.h; name = saturn.h; path = ../../src/libnova/saturn.h; sourceTree = "<group>"; };
		03C31F861730739900AF556F /* sidereal_time.h */ = {isa = PBXFileReference; fileEncoding = 4; lastKnownFileType = sourcecode.c.h; name = sidereal_time.h; path = ../../src/libnova/sidereal_time.h; sourceTree = "<group>"; };
		03C31F871730739900AF556F /* solar.h */ = {isa = PBXFileReference; fileEncoding = 4; lastKnownFileType = sourcecode.c.h; name = solar.h; path = ../../src/libnova/solar.h; sourceTree = "<group>"; };
		03C31F881730739900AF556F /* transform.h */ = {isa = PBXFileReference; fileEncoding = 4; lastKnownFileType = sourcecode.c.h; name = transform.h; path = ../../src/libnova/transform.h; sourceTree = "<group>"; };
		03C31F891730739900AF556F /* uranus.h */ = {isa = PBXFileReference; fileEncoding = 4; lastKnownFileType = sourcecode.c.h; name = uranus.h; path = ../../src/libnova/uranus.h; sourceTree = "<group>"; };
		03C31F8A1730739900AF556F /* utility.h */ = {isa = PBXFileReference; fileEncoding = 4; lastKnownFileType = sourcecode.c.h; name = utility.h; path = ../../src/libnova/utility.h; sourceTree = "<group>"; };
		03C31F8B1730739900AF556F /* venus.h */ = {isa = PBXFileReference; fileEncoding = 4; lastKnownFileType = sourcecode.c.h; name = venus.h; path = ../../src/libnova/venus.h; sourceTree = "<group>"; };
		03C31F8C1730739900AF556F /* vsop87.h */ = {isa = PBXFileReference; fileEncoding = 4; lastKnownFileType = sourcecode.c.h; name = vsop87.h; path = ../../src/libnova/vsop87.h; sourceTree = "<group>"; };
/* End PBXFileReference section */

/* Begin PBXFrameworksBuildPhase section */
		03C31F1A1730730A00AF556F /* Frameworks */ = {
			isa = PBXFrameworksBuildPhase;
			buildActionMask = 2147483647;
			files = (
			);
			runOnlyForDeploymentPostprocessing = 0;
		};
/* End PBXFrameworksBuildPhase section */

/* Begin PBXGroup section */
		03C31F141730730A00AF556F = {
			isa = PBXGroup;
			children = (
				03C31F241730731600AF556F /* Source */,
				03C31F691730736D00AF556F /* Headers */,
				03C31F1E1730730A00AF556F /* Products */,
			);
			sourceTree = "<group>";
		};
		03C31F1E1730730A00AF556F /* Products */ = {
			isa = PBXGroup;
			children = (
				03C31F1D1730730A00AF556F /* libMacnova.a */,
			);
			name = Products;
			sourceTree = "<group>";
		};
		03C31F241730731600AF556F /* Source */ = {
			isa = PBXGroup;
			children = (
				03C31F251730734C00AF556F /* aberration.c */,
				03C31F261730734C00AF556F /* airmass.c */,
				03C31F271730734C00AF556F /* angular_separation.c */,
				03C31F281730734C00AF556F /* apparent_position.c */,
				03C31F291730734C00AF556F /* asteroid.c */,
				03C31F2A1730734C00AF556F /* comet.c */,
				03C31F2B1730734C00AF556F /* dynamical_time.c */,
				03C31F2C1730734C00AF556F /* earth.c */,
				03C31F2D1730734C00AF556F /* elliptic_motion.c */,
				03C31F2E1730734C00AF556F /* heliocentric_time.c */,
				03C31F2F1730734C00AF556F /* hyperbolic_motion.c */,
				03C31F301730734C00AF556F /* julian_day.c */,
				03C31F311730734C00AF556F /* jupiter.c */,
				03C31F321730734C00AF556F /* lunar.c */,
				03C31F331730734C00AF556F /* mars.c */,
				03C31F341730734C00AF556F /* mercury.c */,
				03C31F351730734C00AF556F /* misc.c */,
				03C31F361730734C00AF556F /* neptune.c */,
				03C31F371730734C00AF556F /* nutation.c */,
				03C31F381730734C00AF556F /* parabolic_motion.c */,
				03C31F391730734C00AF556F /* parallax.c */,
				03C31F3A1730734C00AF556F /* pluto.c */,
				03C31F3B1730734C00AF556F /* precession.c */,
				03C31F3C1730734C00AF556F /* proper_motion.c */,
				03C31F3D1730734C00AF556F /* refraction.c */,
				03C31F3E1730734C00AF556F /* rise_set.c */,
				03C31F3F1730734C00AF556F /* saturn.c */,
				03C31F401730734C00AF556F /* sidereal_time.c */,
				03C31F411730734C00AF556F /* solar.c */,
				03C31F421730734C00AF556F /* transform.c */,
				03C31F431730734C00AF556F /* uranus.c */,
				03C31F441730734C00AF556F /* utility.c */,
				03C31F451730734C00AF556F /* venus.c */,
				03C31F461730734C00AF556F /* vsop87.c */,
			);
			name = Source;
			sourceTree = "<group>";
		};
		03C31F691730736D00AF556F /* Headers */ = {
			isa = PBXGroup;
			children = (
				03C31F6A1730739900AF556F /* aberration.h */,
				03C31F6B1730739900AF556F /* airmass.h */,
				03C31F6C1730739900AF556F /* angular_separation.h */,
				03C31F6D1730739900AF556F /* apparent_position.h */,
				03C31F6E1730739900AF556F /* asteroid.h */,
				03C31F6F1730739900AF556F /* comet.h */,
				03C31F701730739900AF556F /* dynamical_time.h */,
				03C31F711730739900AF556F /* earth.h */,
				03C31F721730739900AF556F /* elliptic_motion.h */,
				03C31F731730739900AF556F /* heliocentric_time.h */,
				03C31F741730739900AF556F /* hyperbolic_motion.h */,
				03C31F751730739900AF556F /* julian_day.h */,
				03C31F761730739900AF556F /* jupiter.h */,
				03C31F771730739900AF556F /* libnova.h */,
				03C31F781730739900AF556F /* ln_types.h */,
				03C31F791730739900AF556F /* lunar.h */,
				03C31F7A1730739900AF556F /* mars.h */,
				03C31F7B1730739900AF556F /* mercury.h */,
				03C31F7C1730739900AF556F /* neptune.h */,
				03C31F7D1730739900AF556F /* nutation.h */,
				03C31F7E1730739900AF556F /* parabolic_motion.h */,
				03C31F7F1730739900AF556F /* parallax.h */,
				03C31F801730739900AF556F /* pluto.h */,
				03C31F811730739900AF556F /* precession.h */,
				03C31F821730739900AF556F /* proper_motion.h */,
				03C31F831730739900AF556F /* refraction.h */,
				03C31F841730739900AF556F /* rise_set.h */,
				03C31F851730739900AF556F /* saturn.h */,
				03C31F861730739900AF556F /* sidereal_time.h */,
				03C31F871730739900AF556F /* solar.h */,
				03C31F881730739900AF556F /* transform.h */,
				03C31F891730739900AF556F /* uranus.h */,
				03C31F8A1730739900AF556F /* utility.h */,
				03C31F8B1730739900AF556F /* venus.h */,
				03C31F8C1730739900AF556F /* vsop87.h */,
			);
			name = Headers;
			sourceTree = "<group>";
		};
/* End PBXGroup section */

/* Begin PBXHeadersBuildPhase section */
		03C31F1B1730730A00AF556F /* Headers */ = {
			isa = PBXHeadersBuildPhase;
			buildActionMask = 2147483647;
			files = (
				03C31F8D1730739900AF556F /* aberration.h in Headers */,
				03C31F8E1730739900AF556F /* airmass.h in Headers */,
				03C31F8F1730739900AF556F /* angular_separation.h in Headers */,
				03C31F901730739900AF556F /* apparent_position.h in Headers */,
				03C31F911730739900AF556F /* asteroid.h in Headers */,
				03C31F921730739900AF556F /* comet.h in Headers */,
				03C31F931730739900AF556F /* dynamical_time.h in Headers */,
				03C31F941730739900AF556F /* earth.h in Headers */,
				03C31F951730739900AF556F /* elliptic_motion.h in Headers */,
				03C31F961730739900AF556F /* heliocentric_time.h in Headers */,
				03C31F971730739900AF556F /* hyperbolic_motion.h in Headers */,
				03C31F981730739900AF556F /* julian_day.h in Headers */,
				03C31F991730739900AF556F /* jupiter.h in Headers */,
				03C31F9A1730739900AF556F /* libnova.h in Headers */,
				03C31F9B1730739900AF556F /* ln_types.h in Headers */,
				03C31F9C1730739900AF556F /* lunar.h in Headers */,
				03C31F9D1730739900AF556F /* mars.h in Headers */,
				03C31F9E1730739900AF556F /* mercury.h in Headers */,
				03C31F9F1730739900AF556F /* neptune.h in Headers */,
				03C31FA01730739900AF556F /* nutation.h in Headers */,
				03C31FA11730739900AF556F /* parabolic_motion.h in Headers */,
				03C31FA21730739900AF556F /* parallax.h in Headers */,
				03C31FA31730739900AF556F /* pluto.h in Headers */,
				03C31FA41730739900AF556F /* precession.h in Headers */,
				03C31FA51730739900AF556F /* proper_motion.h in Headers */,
				03C31FA61730739900AF556F /* refraction.h in Headers */,
				03C31FA71730739900AF556F /* rise_set.h in Headers */,
				03C31FA81730739900AF556F /* saturn.h in Headers */,
				03C31FA91730739900AF556F /* sidereal_time.h in Headers */,
				03C31FAA1730739900AF556F /* solar.h in Headers */,
				03C31FAB1730739900AF556F /* transform.h in Headers */,
				03C31FAC1730739900AF556F /* uranus.h in Headers */,
				03C31FAD1730739900AF556F /* utility.h in Headers */,
				03C31FAE1730739900AF556F /* venus.h in Headers */,
				03C31FAF1730739900AF556F /* vsop87.h in Headers */,
			);
			runOnlyForDeploymentPostprocessing = 0;
		};
/* End PBXHeadersBuildPhase section */

/* Begin PBXNativeTarget section */
		03C31F1C1730730A00AF556F /* Macnova */ = {
			isa = PBXNativeTarget;
			buildConfigurationList = 03C31F211730730A00AF556F /* Build configuration list for PBXNativeTarget "Macnova" */;
			buildPhases = (
				03C31F191730730A00AF556F /* Sources */,
				03C31F1A1730730A00AF556F /* Frameworks */,
				03C31F1B1730730A00AF556F /* Headers */,
			);
			buildRules = (
			);
			dependencies = (
			);
			name = Macnova;
			productName = Macnova;
			productReference = 03C31F1D1730730A00AF556F /* libMacnova.a */;
			productType = "com.apple.product-type.library.static";
		};
/* End PBXNativeTarget section */

/* Begin PBXProject section */
		03C31F151730730A00AF556F /* Project object */ = {
			isa = PBXProject;
			attributes = {
				LastUpgradeCheck = 0460;
				ORGANIZATIONNAME = "Michael Shafae";
			};
			buildConfigurationList = 03C31F181730730A00AF556F /* Build configuration list for PBXProject "Macnova" */;
			compatibilityVersion = "Xcode 3.2";
			developmentRegion = English;
			hasScannedForEncodings = 0;
			knownRegions = (
				en,
			);
			mainGroup = 03C31F141730730A00AF556F;
			productRefGroup = 03C31F1E1730730A00AF556F /* Products */;
			projectDirPath = "";
			projectRoot = "";
			targets = (
				03C31F1C1730730A00AF556F /* Macnova */,
			);
		};
/* End PBXProject section */

/* Begin PBXSourcesBuildPhase section */
		03C31F191730730A00AF556F /* Sources */ = {
			isa = PBXSourcesBuildPhase;
			buildActionMask = 2147483647;
			files = (
				03C31F471730734C00AF556F /* aberration.c in Sources */,
				03C31F481730734C00AF556F /* airmass.c in Sources */,
				03C31F491730734C00AF556F /* angular_separation.c in Sources */,
				03C31F4A1730734C00AF556F /* apparent_position.c in Sources */,
				03C31F4B1730734C00AF556F /* asteroid.c in Sources */,
				03C31F4C1730734C00AF556F /* comet.c in Sources */,
				03C31F4D1730734C00AF556F /* dynamical_time.c in Sources */,
				03C31F4E1730734C00AF556F /* earth.c in Sources */,
				03C31F4F1730734C00AF556F /* elliptic_motion.c in Sources */,
				03C31F501730734C00AF556F /* heliocentric_time.c in Sources */,
				03C31F511730734C00AF556F /* hyperbolic_motion.c in Sources */,
				03C31F521730734C00AF556F /* julian_day.c in Sources */,
				03C31F531730734C00AF556F /* jupiter.c in Sources */,
				03C31F541730734C00AF556F /* lunar.c in Sources */,
				03C31F551730734C00AF556F /* mars.c in Sources */,
				03C31F561730734C00AF556F /* mercury.c in Sources */,
				03C31F571730734C00AF556F /* misc.c in Sources */,
				03C31F581730734C00AF556F /* neptune.c in Sources */,
				03C31F591730734C00AF556F /* nutation.c in Sources */,
				03C31F5A1730734C00AF556F /* parabolic_motion.c in Sources */,
				03C31F5B1730734C00AF556F /* parallax.c in Sources */,
				03C31F5C1730734C00AF556F /* pluto.c in Sources */,
				03C31F5D1730734C00AF556F /* precession.c in Sources */,
				03C31F5E1730734C00AF556F /* proper_motion.c in Sources */,
				03C31F5F1730734C00AF556F /* refraction.c in Sources */,
				03C31F601730734C00AF556F /* rise_set.c in Sources */,
				03C31F611730734C00AF556F /* saturn.c in Sources */,
				03C31F621730734C00AF556F /* sidereal_time.c in Sources */,
				03C31F631730734C00AF556F /* solar.c in Sources */,
				03C31F641730734C00AF556F /* transform.c in Sources */,
				03C31F651730734C00AF556F /* uranus.c in Sources */,
				03C31F661730734C00AF556F /* utility.c in Sources */,
				03C31F671730734C00AF556F /* venus.c in Sources */,
				03C31F681730734C00AF556F /* vsop87.c in Sources */,
			);
			runOnlyForDeploymentPostprocessing = 0;
		};
/* End PBXSourcesBuildPhase section */

/* Begin XCBuildConfiguration section */
		03C31F1F1730730A00AF556F /* Debug */ = {
			isa = XCBuildConfiguration;
			buildSettings = {
				ALWAYS_SEARCH_USER_PATHS = NO;
				ARCHS = "$(ARCHS_STANDARD_64_BIT)";
				CLANG_CXX_LANGUAGE_STANDARD = "gnu++0x";
				CLANG_CXX_LIBRARY = "libc++";
				CLANG_ENABLE_OBJC_ARC = YES;
				CLANG_WARN_CONSTANT_CONVERSION = YES;
				CLANG_WARN_EMPTY_BODY = YES;
				CLANG_WARN_ENUM_CONVERSION = YES;
				CLANG_WARN_INT_CONVERSION = YES;
				CLANG_WARN__DUPLICATE_METHOD_MATCH = YES;
				COPY_PHASE_STRIP = NO;
				GCC_C_LANGUAGE_STANDARD = gnu99;
				GCC_DYNAMIC_NO_PIC = NO;
				GCC_ENABLE_OBJC_EXCEPTIONS = YES;
				GCC_OPTIMIZATION_LEVEL = 0;
				GCC_PREPROCESSOR_DEFINITIONS = (
					"DEBUG=1",
					"$(inherited)",
				);
				GCC_SYMBOLS_PRIVATE_EXTERN = NO;
				GCC_WARN_64_TO_32_BIT_CONVERSION = YES;
				GCC_WARN_ABOUT_RETURN_TYPE = YES;
				GCC_WARN_UNINITIALIZED_AUTOS = YES;
				GCC_WARN_UNUSED_VARIABLE = YES;
				MACOSX_DEPLOYMENT_TARGET = 10.7;
				ONLY_ACTIVE_ARCH = YES;
				SDKROOT = macosx;
			};
			name = Debug;
		};
		03C31F201730730A00AF556F /* Release */ = {
			isa = XCBuildConfiguration;
			buildSettings = {
				ALWAYS_SEARCH_USER_PATHS = NO;
				ARCHS = "$(ARCHS_STANDARD_64_BIT)";
				CLANG_CXX_LANGUAGE_STANDARD = "gnu++0x";
				CLANG_CXX_LIBRARY = "libc++";
				CLANG_ENABLE_OBJC_ARC = YES;
				CLANG_WARN_CONSTANT_CONVERSION = YES;
				CLANG_WARN_EMPTY_BODY = YES;
				CLANG_WARN_ENUM_CONVERSION = YES;
				CLANG_WARN_INT_CONVERSION = YES;
				CLANG_WARN__DUPLICATE_METHOD_MATCH = YES;
				COPY_PHASE_STRIP = YES;
				DEBUG_INFORMATION_FORMAT = "dwarf-with-dsym";
				GCC_C_LANGUAGE_STANDARD = gnu99;
				GCC_ENABLE_OBJC_EXCEPTIONS = YES;
				GCC_WARN_64_TO_32_BIT_CONVERSION = YES;
				GCC_WARN_ABOUT_RETURN_TYPE = YES;
				GCC_WARN_UNINITIALIZED_AUTOS = YES;
				GCC_WARN_UNUSED_VARIABLE = YES;
				MACOSX_DEPLOYMENT_TARGET = 10.7;
				SDKROOT = macosx;
			};
			name = Release;
		};
		03C31F221730730A00AF556F /* Debug */ = {
			isa = XCBuildConfiguration;
			buildSettings = {
				EXECUTABLE_PREFIX = lib;
				"HEADER_SEARCH_PATHS[arch=*]" = "../../src/**";
				PRODUCT_NAME = "$(TARGET_NAME)";
				PUBLIC_HEADERS_FOLDER_PATH = /usr/local/include/libnova;
				SKIP_INSTALL = YES;
			};
			name = Debug;
		};
		03C31F231730730A00AF556F /* Release */ = {
			isa = XCBuildConfiguration;
			buildSettings = {
				EXECUTABLE_PREFIX = lib;
				"HEADER_SEARCH_PATHS[arch=*]" = "../../src/**";
				PRODUCT_NAME = "$(TARGET_NAME)";
				PUBLIC_HEADERS_FOLDER_PATH = /usr/local/include/libnova;
				SKIP_INSTALL = YES;
			};
			name = Release;
		};
/* End XCBuildConfiguration section */

/* Begin XCConfigurationList section */
		03C31F181730730A00AF556F /* Build configuration list for PBXProject "Macnova" */ = {
			isa = XCConfigurationList;
			buildConfigurations = (
				03C31F1F1730730A00AF556F /* Debug */,
				03C31F201730730A00AF556F /* Release */,
			);
			defaultConfigurationIsVisible = 0;
			defaultConfigurationName = Release;
		};
		03C31F211730730A00AF556F /* Build configuration list for PBXNativeTarget "Macnova" */ = {
			isa = XCConfigurationList;
			buildConfigurations = (
				03C31F221730730A00AF556F /* Debug */,
				03C31F231730730A00AF556F /* Release */,
			);
			defaultConfigurationIsVisible = 0;
			defaultConfigurationName = Release;
		};
/* End XCConfigurationList section */
	};
	rootObject = 03C31F151730730A00AF556F /* Project object */;
}
